
Microsoft Visual Studio Solution File, Format Version 12.00
# Visual Studio Version 16
VisualStudioVersion = 16.0.31729.503
MinimumVisualStudioVersion = 10.0.40219.1
Project("{FAE04EC0-301F-11D3-BF4B-00C04F79EFBC}") = "PracticaCore", "PracticaCore\PracticaCore.csproj", "{D4B430DD-7246-4BD9-8019-36FACA7A235E}"
EndProject
Global
	GlobalSection(SolutionConfigurationPlatforms) = preSolution
		Debug|Any CPU = Debug|Any CPU
		Release|Any CPU = Release|Any CPU
	EndGlobalSection
	GlobalSection(ProjectConfigurationPlatforms) = postSolution
		{D4B430DD-7246-4BD9-8019-36FACA7A235E}.Debug|Any CPU.ActiveCfg = Debug|Any CPU
		{D4B430DD-7246-4BD9-8019-36FACA7A235E}.Debug|Any CPU.Build.0 = Debug|Any CPU
		{D4B430DD-7246-4BD9-8019-36FACA7A235E}.Release|Any CPU.ActiveCfg = Release|Any CPU
		{D4B430DD-7246-4BD9-8019-36FACA7A235E}.Release|Any CPU.Build.0 = Release|Any CPU
	EndGlobalSection
	GlobalSection(SolutionProperties) = preSolution
		HideSolutionNode = FALSE
	EndGlobalSection
	GlobalSection(ExtensibilityGlobals) = postSolution
		SolutionGuid = {BFB501FD-EF6E-490D-92C2-0B23564775C2}
	EndGlobalSection
EndGlobal
